<Solution>
  <Folder Name="/src/">
    <Project Path="src/CentralWikiMcp.Domain/CentralWikiMcp.Domain.csproj" />
    <Project Path="src/CentralWikiMcp.Infrastructure/CentralWikiMcp.Infrastructure.csproj" />
    <Project Path="src/CentralWikiMcp.Server/CentralWikiMcp.Server.csproj" />
    <Project Path="src/CentralWikiMcp.StdioProxy/CentralWikiMcp.StdioProxy.csproj" />
  </Folder>
  <Folder Name="/src/stubs/">
    <Project Path="src/stubs/Abdt.Infrastructure.Configuration.Validation/Abdt.Infrastructure.Configuration.Validation.csproj" />
    <Project Path="src/stubs/Abdt.Infrastructure.Configuration.Vault/Abdt.Infrastructure.Configuration.Vault.csproj" />
    <Project Path="src/stubs/Abdt.Infrastructure.Logging.AspNetCore/Abdt.Infrastructure.Logging.AspNetCore.csproj" />
    <Project Path="src/stubs/Abdt.Infrastructure.Monitoring.HealthCheck/Abdt.Infrastructure.Monitoring.HealthCheck.csproj" />
    <Project Path="src/stubs/Abdt.Infrastructure.OpenTelemetry.Metrics/Abdt.Infrastructure.OpenTelemetry.Metrics.csproj" />
    <Project Path="src/stubs/Abdt.Infrastructure.RateLimiting/Abdt.Infrastructure.RateLimiting.csproj" />
    <Project Path="src/stubs/Protoobp.Trace.Bundle/Protoobp.Trace.Bundle.csproj" />
  </Folder>
  <Folder Name="/tests/">
    <Project Path="tests/CentralWikiMcp.UnitTests/CentralWikiMcp.UnitTests.csproj" />
  </Folder>
</Solution>
